
Microsoft Visual Studio Solution File, Format Version 12.00
# Visual Studio Version 16
VisualStudioVersion = 16.0.29306.81
MinimumVisualStudioVersion = 10.0.40219.1
Project("{FAE04EC0-301F-11D3-BF4B-00C04F79EFBC}") = "SeptemberFitness.BL", "..\SeptemberFitness.BL\SeptemberFitness.BL.csproj", "{A7FADDE8-EFAE-43C0-9774-B03079430304}"
EndProject
Project("{FAE04EC0-301F-11D3-BF4B-00C04F79EFBC}") = "SeptemberFitness.CMD", "..\SeptemberFitness.CMD\SeptemberFitness.CMD.csproj", "{7BB39D56-A538-446E-9BAA-5D82D5DC5E2D}"
EndProject
Project("{FAE04EC0-301F-11D3-BF4B-00C04F79EFBC}") = "SeptemberFitness.BLTests1", "..\SeptemberFitness.BLTests1\SeptemberFitness.BLTests1.csproj", "{D72C7525-ED1B-4BDD-8D13-4C0763A858ED}"
EndProject
Global
	GlobalSection(SolutionConfigurationPlatforms) = preSolution
		Debug|Any CPU = Debug|Any CPU
		Release|Any CPU = Release|Any CPU
	EndGlobalSection
	GlobalSection(ProjectConfigurationPlatforms) = postSolution
		{A7FADDE8-EFAE-43C0-9774-B03079430304}.Debug|Any CPU.ActiveCfg = Debug|Any CPU
		{A7FADDE8-EFAE-43C0-9774-B03079430304}.Debug|Any CPU.Build.0 = Debug|Any CPU
		{A7FADDE8-EFAE-43C0-9774-B03079430304}.Release|Any CPU.ActiveCfg = Release|Any CPU
		{A7FADDE8-EFAE-43C0-9774-B03079430304}.Release|Any CPU.Build.0 = Release|Any CPU
		{7BB39D56-A538-446E-9BAA-5D82D5DC5E2D}.Debug|Any CPU.ActiveCfg = Debug|Any CPU
		{7BB39D56-A538-446E-9BAA-5D82D5DC5E2D}.Debug|Any CPU.Build.0 = Debug|Any CPU
		{7BB39D56-A538-446E-9BAA-5D82D5DC5E2D}.Release|Any CPU.ActiveCfg = Release|Any CPU
		{7BB39D56-A538-446E-9BAA-5D82D5DC5E2D}.Release|Any CPU.Build.0 = Release|Any CPU
		{D72C7525-ED1B-4BDD-8D13-4C0763A858ED}.Debug|Any CPU.ActiveCfg = Debug|Any CPU
		{D72C7525-ED1B-4BDD-8D13-4C0763A858ED}.Debug|Any CPU.Build.0 = Debug|Any CPU
		{D72C7525-ED1B-4BDD-8D13-4C0763A858ED}.Release|Any CPU.ActiveCfg = Release|Any CPU
		{D72C7525-ED1B-4BDD-8D13-4C0763A858ED}.Release|Any CPU.Build.0 = Release|Any CPU
	EndGlobalSection
	GlobalSection(SolutionProperties) = preSolution
		HideSolutionNode = FALSE
	EndGlobalSection
	GlobalSection(ExtensibilityGlobals) = postSolution
		SolutionGuid = {836821BB-0019-473A-AD87-2D21985D9BDF}
	EndGlobalSection
EndGlobal
